{
    "name": "falkordb-examples",
    "version": "1.0.0",
    "lockfileVersion": 3,
    "requires": true,
    "packages": {
        "": {
            "name": "falkordb-examples",
            "version": "1.0.0",
            "dependencies": {
                "falkordb": "../"
            }
        },
        "..": {
            "name": "falkordb",
            "version": "1.0.0",
            "license": "MIT",
            "workspaces": [
                "./packages/*"
            ],
            "dependencies": {
                "redis": "^4.6.13"
            },
            "devDependencies": {
                "@tsconfig/node14": "^14.1.0",
                "@types/node": "^20.11.28",
                "gh-pages": "^6.0.0",
                "release-it": "^16.1.5",
                "typescript": "^5.4.2"
            }
        },
        "node_modules/falkordb": {
            "resolved": "..",
            "link": true
        }
    }
}
